{
  "object": {
    "pins": [
      {
        "package": "Package3",
        "repositoryURL": "https://github.com/paritoshraval100/Package3.git",
        "state": {
          "branch": null,
          "revision": "066af064e2f948365b5eabaeeca335600d15326a",
          "version": "1.0.0"
        }
      }
    ]
  },
  "version": 1
}
